
Microsoft Visual Studio Solution File, Format Version 12.00
# Visual Studio Version 17
VisualStudioVersion = 17.6.33801.468
MinimumVisualStudioVersion = 10.0.40219.1
Project("{FAE04EC0-301F-11D3-BF4B-00C04F79EFBC}") = "BlazorServer", "BlazorServer\BlazorServer.csproj", "{64BDE714-61D1-4BE4-8DC5-98F58399F17F}"
EndProject
Global
	GlobalSection(SolutionConfigurationPlatforms) = preSolution
		Debug|Any CPU = Debug|Any CPU
		Release|Any CPU = Release|Any CPU
	EndGlobalSection
	GlobalSection(ProjectConfigurationPlatforms) = postSolution
		{64BDE714-61D1-4BE4-8DC5-98F58399F17F}.Debug|Any CPU.ActiveCfg = Debug|Any CPU
		{64BDE714-61D1-4BE4-8DC5-98F58399F17F}.Debug|Any CPU.Build.0 = Debug|Any CPU
		{64BDE714-61D1-4BE4-8DC5-98F58399F17F}.Release|Any CPU.ActiveCfg = Release|Any CPU
		{64BDE714-61D1-4BE4-8DC5-98F58399F17F}.Release|Any CPU.Build.0 = Release|Any CPU
	EndGlobalSection
	GlobalSection(SolutionProperties) = preSolution
		HideSolutionNode = FALSE
	EndGlobalSection
	GlobalSection(ExtensibilityGlobals) = postSolution
		SolutionGuid = {F2BAA28C-26A4-4B20-8D19-34F1890A2685}
	EndGlobalSection
EndGlobal
